{
  "nodes": {
    "mlir": {
      "inputs": {
        "nixpkgs": [
          "nixpkgs"
        ]
      },
      "locked": {
        "lastModified": 1674815343,
        "narHash": "sha256-M+ZzNzz3NXq+8ofYT6zCR17fyWm1VwBIpB/k0xUoT38=",
        "owner": "Feliix42",
        "repo": "mlir.nix",
        "rev": "904defc1d01a7987ca4d0efe4f63489bca7a4b0f",
        "type": "github"
      },
      "original": {
        "owner": "Feliix42",
        "ref": "main",
        "repo": "mlir.nix",
        "type": "github"
      }
    },
    "nixos-hardware": {
      "locked": {
        "lastModified": 1676924492,
        "narHash": "sha256-78278eyP55JRFe7UCpmFwdkrTY6H2arzTpVeteWo8kM=",
        "owner": "NixOS",
        "repo": "nixos-hardware",
        "rev": "d24ea777c57b69c6b143cf11d83184ef71b0dbbf",
        "type": "github"
      },
      "original": {
        "owner": "NixOS",
        "ref": "master",
        "repo": "nixos-hardware",
        "type": "github"
      }
    },
    "nixpkgs": {
      "locked": {
        "lastModified": 1677075010,
        "narHash": "sha256-X+UmR1AkdR//lPVcShmLy8p1n857IGf7y+cyCArp8bU=",
        "owner": "NixOS",
        "repo": "nixpkgs",
        "rev": "c95bf18beba4290af25c60cbaaceea1110d0f727",
        "type": "github"
      },
      "original": {
        "id": "nixpkgs",
        "ref": "nixos-22.11",
        "type": "indirect"
      }
    },
    "root": {
      "inputs": {
        "mlir": "mlir",
        "nixos-hardware": "nixos-hardware",
        "nixpkgs": "nixpkgs"
      }
    }
  },
  "root": "root",
  "version": 7
}
