{
  "nodes": {
    "mlir": {
      "inputs": {
        "nixpkgs": [
          "nixpkgs"
        ]
      },
      "locked": {
        "lastModified": 1700578764,
        "narHash": "sha256-+2ESIuRQj/XN5HmYTQ0X9uSQv2fMrcWxfWdsS3JDmX8=",
        "owner": "Feliix42",
        "repo": "mlir.nix",
        "rev": "14e9c1da68876c145e51bb34e4196c601320bc60",
        "type": "github"
      },
      "original": {
        "owner": "Feliix42",
        "ref": "circt",
        "repo": "mlir.nix",
        "type": "github"
      }
    },
    "nixos-hardware": {
      "locked": {
        "lastModified": 1700559156,
        "narHash": "sha256-gL4epO/qf+wo30JjC3g+b5Bs8UrpxzkhNBBsUYxpw2g=",
        "owner": "NixOS",
        "repo": "nixos-hardware",
        "rev": "c3abafb01cd7045dba522af29b625bd1e170c2fb",
        "type": "github"
      },
      "original": {
        "owner": "NixOS",
        "ref": "master",
        "repo": "nixos-hardware",
        "type": "github"
      }
    },
    "nixpkgs": {
      "locked": {
        "lastModified": 1700403855,
        "narHash": "sha256-Q0Uzjik9kUTN9pd/kp52XJi5kletBhy29ctBlAG+III=",
        "owner": "NixOS",
        "repo": "nixpkgs",
        "rev": "0c5678df521e1407884205fe3ce3cf1d7df297db",
        "type": "github"
      },
      "original": {
        "id": "nixpkgs",
        "ref": "nixos-23.05",
        "type": "indirect"
      }
    },
    "root": {
      "inputs": {
        "mlir": "mlir",
        "nixos-hardware": "nixos-hardware",
        "nixpkgs": "nixpkgs",
        "unstable": "unstable"
      }
    },
    "unstable": {
      "locked": {
        "lastModified": 1700390070,
        "narHash": "sha256-de9KYi8rSJpqvBfNwscWdalIJXPo8NjdIZcEJum1mH0=",
        "owner": "NixOS",
        "repo": "nixpkgs",
        "rev": "e4ad989506ec7d71f7302cc3067abd82730a4beb",
        "type": "github"
      },
      "original": {
        "id": "nixpkgs",
        "ref": "nixos-unstable",
        "type": "indirect"
      }
    }
  },
  "root": "root",
  "version": 7
}
